
Microsoft Visual Studio Solution File, Format Version 12.00
# Visual Studio Version 16
VisualStudioVersion = 16.0.30104.148
MinimumVisualStudioVersion = 10.0.40219.1
Project("{FAE04EC0-301F-11D3-BF4B-00C04F79EFBC}") = "soma_impares", "soma_impares\soma_impares.csproj", "{FC3E3D50-B8C9-4219-92F7-542E9467864C}"
EndProject
Global
	GlobalSection(SolutionConfigurationPlatforms) = preSolution
		Debug|Any CPU = Debug|Any CPU
		Release|Any CPU = Release|Any CPU
	EndGlobalSection
	GlobalSection(ProjectConfigurationPlatforms) = postSolution
		{FC3E3D50-B8C9-4219-92F7-542E9467864C}.Debug|Any CPU.ActiveCfg = Debug|Any CPU
		{FC3E3D50-B8C9-4219-92F7-542E9467864C}.Debug|Any CPU.Build.0 = Debug|Any CPU
		{FC3E3D50-B8C9-4219-92F7-542E9467864C}.Release|Any CPU.ActiveCfg = Release|Any CPU
		{FC3E3D50-B8C9-4219-92F7-542E9467864C}.Release|Any CPU.Build.0 = Release|Any CPU
	EndGlobalSection
	GlobalSection(SolutionProperties) = preSolution
		HideSolutionNode = FALSE
	EndGlobalSection
	GlobalSection(ExtensibilityGlobals) = postSolution
		SolutionGuid = {F7C382E4-52A4-479E-A514-6E6A0FFFA9CE}
	EndGlobalSection
EndGlobal
