
Microsoft Visual Studio Solution File, Format Version 12.00
# Visual Studio Version 16
VisualStudioVersion = 16.0.30104.148
MinimumVisualStudioVersion = 10.0.40219.1
Project("{FAE04EC0-301F-11D3-BF4B-00C04F79EFBC}") = "soma_vetor", "soma_vetor\soma_vetor.csproj", "{800D0385-F814-47CB-8219-4A76E2331DED}"
EndProject
Global
	GlobalSection(SolutionConfigurationPlatforms) = preSolution
		Debug|Any CPU = Debug|Any CPU
		Release|Any CPU = Release|Any CPU
	EndGlobalSection
	GlobalSection(ProjectConfigurationPlatforms) = postSolution
		{800D0385-F814-47CB-8219-4A76E2331DED}.Debug|Any CPU.ActiveCfg = Debug|Any CPU
		{800D0385-F814-47CB-8219-4A76E2331DED}.Debug|Any CPU.Build.0 = Debug|Any CPU
		{800D0385-F814-47CB-8219-4A76E2331DED}.Release|Any CPU.ActiveCfg = Release|Any CPU
		{800D0385-F814-47CB-8219-4A76E2331DED}.Release|Any CPU.Build.0 = Release|Any CPU
	EndGlobalSection
	GlobalSection(SolutionProperties) = preSolution
		HideSolutionNode = FALSE
	EndGlobalSection
	GlobalSection(ExtensibilityGlobals) = postSolution
		SolutionGuid = {DD284257-D416-44C4-9BE4-B5E3DB4332DB}
	EndGlobalSection
EndGlobal
