
Microsoft Visual Studio Solution File, Format Version 12.00
# Visual Studio Version 16
VisualStudioVersion = 16.0.30104.148
MinimumVisualStudioVersion = 10.0.40219.1
Project("{FAE04EC0-301F-11D3-BF4B-00C04F79EFBC}") = "menor_de_tres", "menor_de_tres\menor_de_tres.csproj", "{8AB00534-2503-46A5-82ED-11E2985F6DAF}"
EndProject
Global
	GlobalSection(SolutionConfigurationPlatforms) = preSolution
		Debug|Any CPU = Debug|Any CPU
		Release|Any CPU = Release|Any CPU
	EndGlobalSection
	GlobalSection(ProjectConfigurationPlatforms) = postSolution
		{8AB00534-2503-46A5-82ED-11E2985F6DAF}.Debug|Any CPU.ActiveCfg = Debug|Any CPU
		{8AB00534-2503-46A5-82ED-11E2985F6DAF}.Debug|Any CPU.Build.0 = Debug|Any CPU
		{8AB00534-2503-46A5-82ED-11E2985F6DAF}.Release|Any CPU.ActiveCfg = Release|Any CPU
		{8AB00534-2503-46A5-82ED-11E2985F6DAF}.Release|Any CPU.Build.0 = Release|Any CPU
	EndGlobalSection
	GlobalSection(SolutionProperties) = preSolution
		HideSolutionNode = FALSE
	EndGlobalSection
	GlobalSection(ExtensibilityGlobals) = postSolution
		SolutionGuid = {CD43040F-27B5-400C-8CE7-295A8B6E4C5F}
	EndGlobalSection
EndGlobal
